
Microsoft Visual Studio Solution File, Format Version 12.00
# Visual Studio Version 17
VisualStudioVersion = 17.0.31717.71
MinimumVisualStudioVersion = 10.0.40219.1
Project("{FAE04EC0-301F-11D3-BF4B-00C04F79EFBC}") = "MultiThreadingTEL", "MultiThreadingTEL\MultiThreadingTEL.csproj", "{AACEAEEA-ABA4-4F60-BA56-BCC9035629DD}"
EndProject
Global
	GlobalSection(SolutionConfigurationPlatforms) = preSolution
		Debug|Any CPU = Debug|Any CPU
		Release|Any CPU = Release|Any CPU
	EndGlobalSection
	GlobalSection(ProjectConfigurationPlatforms) = postSolution
		{AACEAEEA-ABA4-4F60-BA56-BCC9035629DD}.Debug|Any CPU.ActiveCfg = Debug|Any CPU
		{AACEAEEA-ABA4-4F60-BA56-BCC9035629DD}.Debug|Any CPU.Build.0 = Debug|Any CPU
		{AACEAEEA-ABA4-4F60-BA56-BCC9035629DD}.Release|Any CPU.ActiveCfg = Release|Any CPU
		{AACEAEEA-ABA4-4F60-BA56-BCC9035629DD}.Release|Any CPU.Build.0 = Release|Any CPU
	EndGlobalSection
	GlobalSection(SolutionProperties) = preSolution
		HideSolutionNode = FALSE
	EndGlobalSection
	GlobalSection(ExtensibilityGlobals) = postSolution
		SolutionGuid = {87E42EEB-2871-4F84-9505-100BF326076F}
	EndGlobalSection
EndGlobal
